
Microsoft Visual Studio Solution File, Format Version 12.00
# Visual Studio Version 16
VisualStudioVersion = 16.0.31112.23
MinimumVisualStudioVersion = 10.0.40219.1
Project("{9A19103F-16F7-4668-BE54-9A1E7A4F7556}") = "WorkingDay", "WorkingDay\WorkingDay.csproj", "{3F3D0A5E-4D83-43D7-8DA7-7404F661A204}"
EndProject
Project("{FAE04EC0-301F-11D3-BF4B-00C04F79EFBC}") = "RPS", "RPS\RPS.csproj", "{CCD45BEE-5958-4AE8-87A5-8B0999FBAF36}"
EndProject
Global
	GlobalSection(SolutionConfigurationPlatforms) = preSolution
		Debug|Any CPU = Debug|Any CPU
		Release|Any CPU = Release|Any CPU
	EndGlobalSection
	GlobalSection(ProjectConfigurationPlatforms) = postSolution
		{3F3D0A5E-4D83-43D7-8DA7-7404F661A204}.Debug|Any CPU.ActiveCfg = Debug|Any CPU
		{3F3D0A5E-4D83-43D7-8DA7-7404F661A204}.Debug|Any CPU.Build.0 = Debug|Any CPU
		{3F3D0A5E-4D83-43D7-8DA7-7404F661A204}.Release|Any CPU.ActiveCfg = Release|Any CPU
		{3F3D0A5E-4D83-43D7-8DA7-7404F661A204}.Release|Any CPU.Build.0 = Release|Any CPU
		{CCD45BEE-5958-4AE8-87A5-8B0999FBAF36}.Debug|Any CPU.ActiveCfg = Debug|Any CPU
		{CCD45BEE-5958-4AE8-87A5-8B0999FBAF36}.Debug|Any CPU.Build.0 = Debug|Any CPU
		{CCD45BEE-5958-4AE8-87A5-8B0999FBAF36}.Release|Any CPU.ActiveCfg = Release|Any CPU
		{CCD45BEE-5958-4AE8-87A5-8B0999FBAF36}.Release|Any CPU.Build.0 = Release|Any CPU
	EndGlobalSection
	GlobalSection(SolutionProperties) = preSolution
		HideSolutionNode = FALSE
	EndGlobalSection
	GlobalSection(ExtensibilityGlobals) = postSolution
		SolutionGuid = {B477E5D4-FE72-47DD-9DB0-2FF244B0CCFA}
	EndGlobalSection
EndGlobal
