
Microsoft Visual Studio Solution File, Format Version 12.00
# Visual Studio Version 16
VisualStudioVersion = 16.0.31112.23
MinimumVisualStudioVersion = 10.0.40219.1
Project("{FAE04EC0-301F-11D3-BF4B-00C04F79EFBC}") = "Domain", "Domain\Domain.csproj", "{C0D9B45E-D64C-4129-B1F0-521862B4EAA4}"
EndProject
Project("{FAE04EC0-301F-11D3-BF4B-00C04F79EFBC}") = "App", "App\App.csproj", "{87ACB901-1537-4222-816A-21D2BC5EF18A}"
EndProject
Global
	GlobalSection(SolutionConfigurationPlatforms) = preSolution
		Debug|Any CPU = Debug|Any CPU
		Release|Any CPU = Release|Any CPU
	EndGlobalSection
	GlobalSection(ProjectConfigurationPlatforms) = postSolution
		{C0D9B45E-D64C-4129-B1F0-521862B4EAA4}.Debug|Any CPU.ActiveCfg = Debug|Any CPU
		{C0D9B45E-D64C-4129-B1F0-521862B4EAA4}.Debug|Any CPU.Build.0 = Debug|Any CPU
		{C0D9B45E-D64C-4129-B1F0-521862B4EAA4}.Release|Any CPU.ActiveCfg = Release|Any CPU
		{C0D9B45E-D64C-4129-B1F0-521862B4EAA4}.Release|Any CPU.Build.0 = Release|Any CPU
		{87ACB901-1537-4222-816A-21D2BC5EF18A}.Debug|Any CPU.ActiveCfg = Debug|Any CPU
		{87ACB901-1537-4222-816A-21D2BC5EF18A}.Debug|Any CPU.Build.0 = Debug|Any CPU
		{87ACB901-1537-4222-816A-21D2BC5EF18A}.Release|Any CPU.ActiveCfg = Release|Any CPU
		{87ACB901-1537-4222-816A-21D2BC5EF18A}.Release|Any CPU.Build.0 = Release|Any CPU
	EndGlobalSection
	GlobalSection(SolutionProperties) = preSolution
		HideSolutionNode = FALSE
	EndGlobalSection
	GlobalSection(ExtensibilityGlobals) = postSolution
		SolutionGuid = {001BE8AD-433C-496B-A696-E22FD54F45A5}
	EndGlobalSection
EndGlobal
